
Microsoft Visual Studio Solution File, Format Version 12.00
# Visual Studio 2013
VisualStudioVersion = 12.0.21005.1
MinimumVisualStudioVersion = 10.0.40219.1
Project("{FAE04EC0-301F-11D3-BF4B-00C04F79EFBC}") = "Trendyol.Core", "Trendyol.Core\Trendyol.Core.csproj", "{91F7BE54-DCAC-429A-9D8B-49D9DFFCD214}"
EndProject
Project("{FAE04EC0-301F-11D3-BF4B-00C04F79EFBC}") = "Trendyol.DataAccess", "Trendyol.DataAccess\Trendyol.DataAccess.csproj", "{B215ED4A-2D6D-4AF8-9822-8F4A473D02D8}"
EndProject
Project("{FAE04EC0-301F-11D3-BF4B-00C04F79EFBC}") = "Trendyol.Model", "Trendyol.Model\Trendyol.Model.csproj", "{1E830DC0-295C-43B5-B175-F2D5D3F9B44B}"
EndProject
Project("{FAE04EC0-301F-11D3-BF4B-00C04F79EFBC}") = "Trendyol.Business", "Trendyol.Business\Trendyol.Business.csproj", "{9768FB3A-3860-41FE-8E20-0624F8605C89}"
EndProject
Project("{FAE04EC0-301F-11D3-BF4B-00C04F79EFBC}") = "Trendyol.UI", "Trendyol.UI\Trendyol.UI.csproj", "{C17DFE77-3726-4FE1-B27C-F8C87689702D}"
EndProject
Global
	GlobalSection(SolutionConfigurationPlatforms) = preSolution
		Debug|Any CPU = Debug|Any CPU
		Release|Any CPU = Release|Any CPU
	EndGlobalSection
	GlobalSection(ProjectConfigurationPlatforms) = postSolution
		{91F7BE54-DCAC-429A-9D8B-49D9DFFCD214}.Debug|Any CPU.ActiveCfg = Debug|Any CPU
		{91F7BE54-DCAC-429A-9D8B-49D9DFFCD214}.Debug|Any CPU.Build.0 = Debug|Any CPU
		{91F7BE54-DCAC-429A-9D8B-49D9DFFCD214}.Release|Any CPU.ActiveCfg = Release|Any CPU
		{91F7BE54-DCAC-429A-9D8B-49D9DFFCD214}.Release|Any CPU.Build.0 = Release|Any CPU
		{B215ED4A-2D6D-4AF8-9822-8F4A473D02D8}.Debug|Any CPU.ActiveCfg = Debug|Any CPU
		{B215ED4A-2D6D-4AF8-9822-8F4A473D02D8}.Debug|Any CPU.Build.0 = Debug|Any CPU
		{B215ED4A-2D6D-4AF8-9822-8F4A473D02D8}.Release|Any CPU.ActiveCfg = Release|Any CPU
		{B215ED4A-2D6D-4AF8-9822-8F4A473D02D8}.Release|Any CPU.Build.0 = Release|Any CPU
		{1E830DC0-295C-43B5-B175-F2D5D3F9B44B}.Debug|Any CPU.ActiveCfg = Debug|Any CPU
		{1E830DC0-295C-43B5-B175-F2D5D3F9B44B}.Debug|Any CPU.Build.0 = Debug|Any CPU
		{1E830DC0-295C-43B5-B175-F2D5D3F9B44B}.Release|Any CPU.ActiveCfg = Release|Any CPU
		{1E830DC0-295C-43B5-B175-F2D5D3F9B44B}.Release|Any CPU.Build.0 = Release|Any CPU
		{9768FB3A-3860-41FE-8E20-0624F8605C89}.Debug|Any CPU.ActiveCfg = Debug|Any CPU
		{9768FB3A-3860-41FE-8E20-0624F8605C89}.Debug|Any CPU.Build.0 = Debug|Any CPU
		{9768FB3A-3860-41FE-8E20-0624F8605C89}.Release|Any CPU.ActiveCfg = Release|Any CPU
		{9768FB3A-3860-41FE-8E20-0624F8605C89}.Release|Any CPU.Build.0 = Release|Any CPU
		{C17DFE77-3726-4FE1-B27C-F8C87689702D}.Debug|Any CPU.ActiveCfg = Debug|Any CPU
		{C17DFE77-3726-4FE1-B27C-F8C87689702D}.Debug|Any CPU.Build.0 = Debug|Any CPU
		{C17DFE77-3726-4FE1-B27C-F8C87689702D}.Release|Any CPU.ActiveCfg = Release|Any CPU
		{C17DFE77-3726-4FE1-B27C-F8C87689702D}.Release|Any CPU.Build.0 = Release|Any CPU
	EndGlobalSection
	GlobalSection(SolutionProperties) = preSolution
		HideSolutionNode = FALSE
	EndGlobalSection
EndGlobal
